
Microsoft Visual Studio Solution File, Format Version 11.00
# Visual Studio 2010
Project("{FAE04EC0-301F-11D3-BF4B-00C04F79EFBC}") = "Assembly-CSharp", "Assembly-CSharp.csproj", "{223F495A-1258-CD9A-C6A7-60A890078DC4}"
EndProject
Project("{FAE04EC0-301F-11D3-BF4B-00C04F79EFBC}") = "Assembly-CSharp-Editor", "Assembly-CSharp-Editor.csproj", "{71073793-837C-8640-2025-15ED7CCB6CBD}"
EndProject
Global
	GlobalSection(SolutionConfigurationPlatforms) = preSolution
		Debug|Any CPU = Debug|Any CPU
		Release|Any CPU = Release|Any CPU
	EndGlobalSection
	GlobalSection(ProjectConfigurationPlatforms) = postSolution
		{223F495A-1258-CD9A-C6A7-60A890078DC4}.Debug|Any CPU.ActiveCfg = Debug|Any CPU
		{223F495A-1258-CD9A-C6A7-60A890078DC4}.Debug|Any CPU.Build.0 = Debug|Any CPU
		{223F495A-1258-CD9A-C6A7-60A890078DC4}.Release|Any CPU.ActiveCfg = Release|Any CPU
		{223F495A-1258-CD9A-C6A7-60A890078DC4}.Release|Any CPU.Build.0 = Release|Any CPU
		{71073793-837C-8640-2025-15ED7CCB6CBD}.Debug|Any CPU.ActiveCfg = Debug|Any CPU
		{71073793-837C-8640-2025-15ED7CCB6CBD}.Debug|Any CPU.Build.0 = Debug|Any CPU
		{71073793-837C-8640-2025-15ED7CCB6CBD}.Release|Any CPU.ActiveCfg = Release|Any CPU
		{71073793-837C-8640-2025-15ED7CCB6CBD}.Release|Any CPU.Build.0 = Release|Any CPU
	EndGlobalSection
	GlobalSection(SolutionProperties) = preSolution
		HideSolutionNode = FALSE
	EndGlobalSection
EndGlobal
